
Microsoft Visual Studio Solution File, Format Version 12.00
# Visual Studio 15
VisualStudioVersion = 15.0.28307.539
MinimumVisualStudioVersion = 10.0.40219.1
Project("{FAE04EC0-301F-11D3-BF4B-00C04F79EFBC}") = "OCR_CsharpAPP", "OCR_CsharpAPP\OCR_CsharpAPP.csproj", "{FDB7B261-F145-498E-AA0B-C8E863AB41AA}"
EndProject
Global
	GlobalSection(SolutionConfigurationPlatforms) = preSolution
		Debug|Any CPU = Debug|Any CPU
		Release|Any CPU = Release|Any CPU
	EndGlobalSection
	GlobalSection(ProjectConfigurationPlatforms) = postSolution
		{FDB7B261-F145-498E-AA0B-C8E863AB41AA}.Debug|Any CPU.ActiveCfg = Debug|Any CPU
		{FDB7B261-F145-498E-AA0B-C8E863AB41AA}.Debug|Any CPU.Build.0 = Debug|Any CPU
		{FDB7B261-F145-498E-AA0B-C8E863AB41AA}.Release|Any CPU.ActiveCfg = Release|Any CPU
		{FDB7B261-F145-498E-AA0B-C8E863AB41AA}.Release|Any CPU.Build.0 = Release|Any CPU
	EndGlobalSection
	GlobalSection(SolutionProperties) = preSolution
		HideSolutionNode = FALSE
	EndGlobalSection
	GlobalSection(ExtensibilityGlobals) = postSolution
		SolutionGuid = {B55B404C-A879-4325-99E9-636E10307137}
	EndGlobalSection
EndGlobal
